// !$*UTF8*$!
{
	archiveVersion = 1;
	classes = {
	};
	objectVersion = 56;
	objects = {

/* Begin PBXBuildFile section */
		A79046142B02670E00180600 /* UserInformation.swift in Sources */ = {isa = PBXBuildFile; fileRef = A79046132B02670E00180600 /* UserInformation.swift */; };
		A7933CF12B0F604E00B56AAC /* PersistenceController.swift in Sources */ = {isa = PBXBuildFile; fileRef = A7933CF02B0F604E00B56AAC /* PersistenceController.swift */; };
		A79DFB722B0FA42E00F84AFC /* CachedUser+CoreDataClass.swift in Sources */ = {isa = PBXBuildFile; fileRef = A79DFB6E2B0FA42E00F84AFC /* CachedUser+CoreDataClass.swift */; };
		A79DFB732B0FA42E00F84AFC /* CachedUser+CoreDataProperties.swift in Sources */ = {isa = PBXBuildFile; fileRef = A79DFB6F2B0FA42E00F84AFC /* CachedUser+CoreDataProperties.swift */; };
		A79DFB742B0FA42E00F84AFC /* CachedFriend+CoreDataClass.swift in Sources */ = {isa = PBXBuildFile; fileRef = A79DFB702B0FA42E00F84AFC /* CachedFriend+CoreDataClass.swift */; };
		A79DFB752B0FA42E00F84AFC /* CachedFriend+CoreDataProperties.swift in Sources */ = {isa = PBXBuildFile; fileRef = A79DFB712B0FA42E00F84AFC /* CachedFriend+CoreDataProperties.swift */; };
		A7A7DE8E2B00EDB500296D76 /* FriendsApp.swift in Sources */ = {isa = PBXBuildFile; fileRef = A7A7DE8D2B00EDB500296D76 /* FriendsApp.swift */; };
		A7A7DE902B00EDB500296D76 /* ContentView.swift in Sources */ = {isa = PBXBuildFile; fileRef = A7A7DE8F2B00EDB500296D76 /* ContentView.swift */; };
		A7A7DE922B00EDB600296D76 /* Assets.xcassets in Resources */ = {isa = PBXBuildFile; fileRef = A7A7DE912B00EDB600296D76 /* Assets.xcassets */; };
		A7A7DE952B00EDB600296D76 /* Preview Assets.xcassets in Resources */ = {isa = PBXBuildFile; fileRef = A7A7DE942B00EDB600296D76 /* Preview Assets.xcassets */; };
		A7DA59CA2B0C98E800B11379 /* User.swift in Sources */ = {isa = PBXBuildFile; fileRef = A7DA59C92B0C98E800B11379 /* User.swift */; };
		A7DA59CC2B0C98F100B11379 /* Friend.swift in Sources */ = {isa = PBXBuildFile; fileRef = A7DA59CB2B0C98F100B11379 /* Friend.swift */; };
		A7DA59CF2B0CA0FB00B11379 /* UsersData.xcdatamodeld in Sources */ = {isa = PBXBuildFile; fileRef = A7DA59CD2B0CA0FB00B11379 /* UsersData.xcdatamodeld */; };
/* End PBXBuildFile section */

/* Begin PBXFileReference section */
		A79046132B02670E00180600 /* UserInformation.swift */ = {isa = PBXFileReference; lastKnownFileType = sourcecode.swift; path = UserInformation.swift; sourceTree = "<group>"; };
		A7933CF02B0F604E00B56AAC /* PersistenceController.swift */ = {isa = PBXFileReference; lastKnownFileType = sourcecode.swift; path = PersistenceController.swift; sourceTree = "<group>"; };
		A79DFB6E2B0FA42E00F84AFC /* CachedUser+CoreDataClass.swift */ = {isa = PBXFileReference; lastKnownFileType = sourcecode.swift; path = "CachedUser+CoreDataClass.swift"; sourceTree = "<group>"; };
		A79DFB6F2B0FA42E00F84AFC /* CachedUser+CoreDataProperties.swift */ = {isa = PBXFileReference; lastKnownFileType = sourcecode.swift; path = "CachedUser+CoreDataProperties.swift"; sourceTree = "<group>"; };
		A79DFB702B0FA42E00F84AFC /* CachedFriend+CoreDataClass.swift */ = {isa = PBXFileReference; lastKnownFileType = sourcecode.swift; path = "CachedFriend+CoreDataClass.swift"; sourceTree = "<group>"; };
		A79DFB712B0FA42E00F84AFC /* CachedFriend+CoreDataProperties.swift */ = {isa = PBXFileReference; lastKnownFileType = sourcecode.swift; path = "CachedFriend+CoreDataProperties.swift"; sourceTree = "<group>"; };
		A7A7DE8A2B00EDB500296D76 /* Friends.app */ = {isa = PBXFileReference; explicitFileType = wrapper.application; includeInIndex = 0; path = Friends.app; sourceTree = BUILT_PRODUCTS_DIR; };
		A7A7DE8D2B00EDB500296D76 /* FriendsApp.swift */ = {isa = PBXFileReference; lastKnownFileType = sourcecode.swift; path = FriendsApp.swift; sourceTree = "<group>"; };
		A7A7DE8F2B00EDB500296D76 /* ContentView.swift */ = {isa = PBXFileReference; lastKnownFileType = sourcecode.swift; path = ContentView.swift; sourceTree = "<group>"; };
		A7A7DE912B00EDB600296D76 /* Assets.xcassets */ = {isa = PBXFileReference; lastKnownFileType = folder.assetcatalog; path = Assets.xcassets; sourceTree = "<group>"; };
		A7A7DE942B00EDB600296D76 /* Preview Assets.xcassets */ = {isa = PBXFileReference; lastKnownFileType = folder.assetcatalog; path = "Preview Assets.xcassets"; sourceTree = "<group>"; };
		A7DA59C92B0C98E800B11379 /* User.swift */ = {isa = PBXFileReference; lastKnownFileType = sourcecode.swift; path = User.swift; sourceTree = "<group>"; };
		A7DA59CB2B0C98F100B11379 /* Friend.swift */ = {isa = PBXFileReference; lastKnownFileType = sourcecode.swift; path = Friend.swift; sourceTree = "<group>"; };
		A7DA59CE2B0CA0FB00B11379 /* UsersData.xcdatamodel */ = {isa = PBXFileReference; lastKnownFileType = wrapper.xcdatamodel; path = UsersData.xcdatamodel; sourceTree = "<group>"; };
/* End PBXFileReference section */

/* Begin PBXFrameworksBuildPhase section */
		A7A7DE872B00EDB500296D76 /* Frameworks */ = {
			isa = PBXFrameworksBuildPhase;
			buildActionMask = 2147483647;
			files = (
			);
			runOnlyForDeploymentPostprocessing = 0;
		};
/* End PBXFrameworksBuildPhase section */

/* Begin PBXGroup section */
		A7A7DE812B00EDB500296D76 = {
			isa = PBXGroup;
			children = (
				A79DFB6E2B0FA42E00F84AFC /* CachedUser+CoreDataClass.swift */,
				A79DFB6F2B0FA42E00F84AFC /* CachedUser+CoreDataProperties.swift */,
				A79DFB702B0FA42E00F84AFC /* CachedFriend+CoreDataClass.swift */,
				A79DFB712B0FA42E00F84AFC /* CachedFriend+CoreDataProperties.swift */,
				A7933CF02B0F604E00B56AAC /* PersistenceController.swift */,
				A7A7DE8C2B00EDB500296D76 /* Friends */,
				A7A7DE8B2B00EDB500296D76 /* Products */,
			);
			sourceTree = "<group>";
		};
		A7A7DE8B2B00EDB500296D76 /* Products */ = {
			isa = PBXGroup;
			children = (
				A7A7DE8A2B00EDB500296D76 /* Friends.app */,
			);
			name = Products;
			sourceTree = "<group>";
		};
		A7A7DE8C2B00EDB500296D76 /* Friends */ = {
			isa = PBXGroup;
			children = (
				A7A7DE8D2B00EDB500296D76 /* FriendsApp.swift */,
				A7A7DE8F2B00EDB500296D76 /* ContentView.swift */,
				A7DA59C92B0C98E800B11379 /* User.swift */,
				A7DA59CB2B0C98F100B11379 /* Friend.swift */,
				A79046132B02670E00180600 /* UserInformation.swift */,
				A7DA59CD2B0CA0FB00B11379 /* UsersData.xcdatamodeld */,
				A7A7DE912B00EDB600296D76 /* Assets.xcassets */,
				A7A7DE932B00EDB600296D76 /* Preview Content */,
			);
			path = Friends;
			sourceTree = "<group>";
		};
		A7A7DE932B00EDB600296D76 /* Preview Content */ = {
			isa = PBXGroup;
			children = (
				A7A7DE942B00EDB600296D76 /* Preview Assets.xcassets */,
			);
			path = "Preview Content";
			sourceTree = "<group>";
		};
/* End PBXGroup section */

/* Begin PBXNativeTarget section */
		A7A7DE892B00EDB500296D76 /* Friends */ = {
			isa = PBXNativeTarget;
			buildConfigurationList = A7A7DE982B00EDB600296D76 /* Build configuration list for PBXNativeTarget "Friends" */;
			buildPhases = (
				A7A7DE862B00EDB500296D76 /* Sources */,
				A7A7DE872B00EDB500296D76 /* Frameworks */,
				A7A7DE882B00EDB500296D76 /* Resources */,
			);
			buildRules = (
			);
			dependencies = (
			);
			name = Friends;
			productName = Friends;
			productReference = A7A7DE8A2B00EDB500296D76 /* Friends.app */;
			productType = "com.apple.product-type.application";
		};
/* End PBXNativeTarget section */

/* Begin PBXProject section */
		A7A7DE822B00EDB500296D76 /* Project object */ = {
			isa = PBXProject;
			attributes = {
				BuildIndependentTargetsInParallel = 1;
				LastSwiftUpdateCheck = 1500;
				LastUpgradeCheck = 1500;
				TargetAttributes = {
					A7A7DE892B00EDB500296D76 = {
						CreatedOnToolsVersion = 15.0.1;
					};
				};
			};
			buildConfigurationList = A7A7DE852B00EDB500296D76 /* Build configuration list for PBXProject "Friends" */;
			compatibilityVersion = "Xcode 14.0";
			developmentRegion = en;
			hasScannedForEncodings = 0;
			knownRegions = (
				en,
				Base,
			);
			mainGroup = A7A7DE812B00EDB500296D76;
			productRefGroup = A7A7DE8B2B00EDB500296D76 /* Products */;
			projectDirPath = "";
			projectRoot = "";
			targets = (
				A7A7DE892B00EDB500296D76 /* Friends */,
			);
		};
/* End PBXProject section */

/* Begin PBXResourcesBuildPhase section */
		A7A7DE882B00EDB500296D76 /* Resources */ = {
			isa = PBXResourcesBuildPhase;
			buildActionMask = 2147483647;
			files = (
				A7A7DE952B00EDB600296D76 /* Preview Assets.xcassets in Resources */,
				A7A7DE922B00EDB600296D76 /* Assets.xcassets in Resources */,
			);
			runOnlyForDeploymentPostprocessing = 0;
		};
/* End PBXResourcesBuildPhase section */

/* Begin PBXSourcesBuildPhase section */
		A7A7DE862B00EDB500296D76 /* Sources */ = {
			isa = PBXSourcesBuildPhase;
			buildActionMask = 2147483647;
			files = (
				A7DA59CF2B0CA0FB00B11379 /* UsersData.xcdatamodeld in Sources */,
				A7933CF12B0F604E00B56AAC /* PersistenceController.swift in Sources */,
				A7DA59CA2B0C98E800B11379 /* User.swift in Sources */,
				A7A7DE902B00EDB500296D76 /* ContentView.swift in Sources */,
				A79DFB722B0FA42E00F84AFC /* CachedUser+CoreDataClass.swift in Sources */,
				A79DFB752B0FA42E00F84AFC /* CachedFriend+CoreDataProperties.swift in Sources */,
				A7DA59CC2B0C98F100B11379 /* Friend.swift in Sources */,
				A79046142B02670E00180600 /* UserInformation.swift in Sources */,
				A79DFB732B0FA42E00F84AFC /* CachedUser+CoreDataProperties.swift in Sources */,
				A79DFB742B0FA42E00F84AFC /* CachedFriend+CoreDataClass.swift in Sources */,
				A7A7DE8E2B00EDB500296D76 /* FriendsApp.swift in Sources */,
			);
			runOnlyForDeploymentPostprocessing = 0;
		};
/* End PBXSourcesBuildPhase section */

/* Begin XCBuildConfiguration section */
		A7A7DE962B00EDB600296D76 /* Debug */ = {
			isa = XCBuildConfiguration;
			buildSettings = {
				ALWAYS_SEARCH_USER_PATHS = NO;
				ASSETCATALOG_COMPILER_GENERATE_SWIFT_ASSET_SYMBOL_EXTENSIONS = YES;
				CLANG_ANALYZER_NONNULL = YES;
				CLANG_ANALYZER_NUMBER_OBJECT_CONVERSION = YES_AGGRESSIVE;
				CLANG_CXX_LANGUAGE_STANDARD = "gnu++20";
				CLANG_ENABLE_MODULES = YES;
				CLANG_ENABLE_OBJC_ARC = YES;
				CLANG_ENABLE_OBJC_WEAK = YES;
				CLANG_WARN_BLOCK_CAPTURE_AUTORELEASING = YES;
				CLANG_WARN_BOOL_CONVERSION = YES;
				CLANG_WARN_COMMA = YES;
				CLANG_WARN_CONSTANT_CONVERSION = YES;
				CLANG_WARN_DEPRECATED_OBJC_IMPLEMENTATIONS = YES;
				CLANG_WARN_DIRECT_OBJC_ISA_USAGE = YES_ERROR;
				CLANG_WARN_DOCUMENTATION_COMMENTS = YES;
				CLANG_WARN_EMPTY_BODY = YES;
				CLANG_WARN_ENUM_CONVERSION = YES;
				CLANG_WARN_INFINITE_RECURSION = YES;
				CLANG_WARN_INT_CONVERSION = YES;
				CLANG_WARN_NON_LITERAL_NULL_CONVERSION = YES;
				CLANG_WARN_OBJC_IMPLICIT_RETAIN_SELF = YES;
				CLANG_WARN_OBJC_LITERAL_CONVERSION = YES;
				CLANG_WARN_OBJC_ROOT_CLASS = YES_ERROR;
				CLANG_WARN_QUOTED_INCLUDE_IN_FRAMEWORK_HEADER = YES;
				CLANG_WARN_RANGE_LOOP_ANALYSIS = YES;
				CLANG_WARN_STRICT_PROTOTYPES = YES;
				CLANG_WARN_SUSPICIOUS_MOVE = YES;
				CLANG_WARN_UNGUARDED_AVAILABILITY = YES_AGGRESSIVE;
				CLANG_WARN_UNREACHABLE_CODE = YES;
				CLANG_WARN__DUPLICATE_METHOD_MATCH = YES;
				COPY_PHASE_STRIP = NO;
				DEBUG_INFORMATION_FORMAT = dwarf;
				ENABLE_STRICT_OBJC_MSGSEND = YES;
				ENABLE_TESTABILITY = YES;
				ENABLE_USER_SCRIPT_SANDBOXING = YES;
				GCC_C_LANGUAGE_STANDARD = gnu17;
				GCC_DYNAMIC_NO_PIC = NO;
				GCC_NO_COMMON_BLOCKS = YES;
				GCC_OPTIMIZATION_LEVEL = 0;
				GCC_PREPROCESSOR_DEFINITIONS = (
					"DEBUG=1",
					"$(inherited)",
				);
				GCC_WARN_64_TO_32_BIT_CONVERSION = YES;
				GCC_WARN_ABOUT_RETURN_TYPE = YES_ERROR;
				GCC_WARN_UNDECLARED_SELECTOR = YES;
				GCC_WARN_UNINITIALIZED_AUTOS = YES_AGGRESSIVE;
				GCC_WARN_UNUSED_FUNCTION = YES;
				GCC_WARN_UNUSED_VARIABLE = YES;
				IPHONEOS_DEPLOYMENT_TARGET = 17.0;
				LOCALIZATION_PREFERS_STRING_CATALOGS = YES;
				MTL_ENABLE_DEBUG_INFO = INCLUDE_SOURCE;
				MTL_FAST_MATH = YES;
				ONLY_ACTIVE_ARCH = YES;
				SDKROOT = iphoneos;
				SWIFT_ACTIVE_COMPILATION_CONDITIONS = "DEBUG $(inherited)";
				SWIFT_OPTIMIZATION_LEVEL = "-Onone";
			};
			name = Debug;
		};
		A7A7DE972B00EDB600296D76 /* Release */ = {
			isa = XCBuildConfiguration;
			buildSettings = {
				ALWAYS_SEARCH_USER_PATHS = NO;
				ASSETCATALOG_COMPILER_GENERATE_SWIFT_ASSET_SYMBOL_EXTENSIONS = YES;
				CLANG_ANALYZER_NONNULL = YES;
				CLANG_ANALYZER_NUMBER_OBJECT_CONVERSION = YES_AGGRESSIVE;
				CLANG_CXX_LANGUAGE_STANDARD = "gnu++20";
				CLANG_ENABLE_MODULES = YES;
				CLANG_ENABLE_OBJC_ARC = YES;
				CLANG_ENABLE_OBJC_WEAK = YES;
				CLANG_WARN_BLOCK_CAPTURE_AUTORELEASING = YES;
				CLANG_WARN_BOOL_CONVERSION = YES;
				CLANG_WARN_COMMA = YES;
				CLANG_WARN_CONSTANT_CONVERSION = YES;
				CLANG_WARN_DEPRECATED_OBJC_IMPLEMENTATIONS = YES;
				CLANG_WARN_DIRECT_OBJC_ISA_USAGE = YES_ERROR;
				CLANG_WARN_DOCUMENTATION_COMMENTS = YES;
				CLANG_WARN_EMPTY_BODY = YES;
				CLANG_WARN_ENUM_CONVERSION = YES;
				CLANG_WARN_INFINITE_RECURSION = YES;
				CLANG_WARN_INT_CONVERSION = YES;
				CLANG_WARN_NON_LITERAL_NULL_CONVERSION = YES;
				CLANG_WARN_OBJC_IMPLICIT_RETAIN_SELF = YES;
				CLANG_WARN_OBJC_LITERAL_CONVERSION = YES;
				CLANG_WARN_OBJC_ROOT_CLASS = YES_ERROR;
				CLANG_WARN_QUOTED_INCLUDE_IN_FRAMEWORK_HEADER = YES;
				CLANG_WARN_RANGE_LOOP_ANALYSIS = YES;
				CLANG_WARN_STRICT_PROTOTYPES = YES;
				CLANG_WARN_SUSPICIOUS_MOVE = YES;
				CLANG_WARN_UNGUARDED_AVAILABILITY = YES_AGGRESSIVE;
				CLANG_WARN_UNREACHABLE_CODE = YES;
				CLANG_WARN__DUPLICATE_METHOD_MATCH = YES;
				COPY_PHASE_STRIP = NO;
				DEBUG_INFORMATION_FORMAT = "dwarf-with-dsym";
				ENABLE_NS_ASSERTIONS = NO;
				ENABLE_STRICT_OBJC_MSGSEND = YES;
				ENABLE_USER_SCRIPT_SANDBOXING = YES;
				GCC_C_LANGUAGE_STANDARD = gnu17;
				GCC_NO_COMMON_BLOCKS = YES;
				GCC_WARN_64_TO_32_BIT_CONVERSION = YES;
				GCC_WARN_ABOUT_RETURN_TYPE = YES_ERROR;
				GCC_WARN_UNDECLARED_SELECTOR = YES;
				GCC_WARN_UNINITIALIZED_AUTOS = YES_AGGRESSIVE;
				GCC_WARN_UNUSED_FUNCTION = YES;
				GCC_WARN_UNUSED_VARIABLE = YES;
				IPHONEOS_DEPLOYMENT_TARGET = 17.0;
				LOCALIZATION_PREFERS_STRING_CATALOGS = YES;
				MTL_ENABLE_DEBUG_INFO = NO;
				MTL_FAST_MATH = YES;
				SDKROOT = iphoneos;
				SWIFT_COMPILATION_MODE = wholemodule;
				VALIDATE_PRODUCT = YES;
			};
			name = Release;
		};
		A7A7DE992B00EDB600296D76 /* Debug */ = {
			isa = XCBuildConfiguration;
			buildSettings = {
				ASSETCATALOG_COMPILER_APPICON_NAME = AppIcon;
				ASSETCATALOG_COMPILER_GLOBAL_ACCENT_COLOR_NAME = AccentColor;
				CODE_SIGN_STYLE = Automatic;
				CURRENT_PROJECT_VERSION = 1;
				DEVELOPMENT_ASSET_PATHS = "\"Friends/Preview Content\"";
				DEVELOPMENT_TEAM = Z93ST34R7C;
				ENABLE_PREVIEWS = YES;
				GENERATE_INFOPLIST_FILE = YES;
				INFOPLIST_KEY_UIApplicationSceneManifest_Generation = YES;
				INFOPLIST_KEY_UIApplicationSupportsIndirectInputEvents = YES;
				INFOPLIST_KEY_UILaunchScreen_Generation = YES;
				INFOPLIST_KEY_UISupportedInterfaceOrientations_iPad = "UIInterfaceOrientationPortrait UIInterfaceOrientationPortraitUpsideDown UIInterfaceOrientationLandscapeLeft UIInterfaceOrientationLandscapeRight";
				INFOPLIST_KEY_UISupportedInterfaceOrientations_iPhone = "UIInterfaceOrientationPortrait UIInterfaceOrientationLandscapeLeft UIInterfaceOrientationLandscapeRight";
				LD_RUNPATH_SEARCH_PATHS = (
					"$(inherited)",
					"@executable_path/Frameworks",
				);
				MARKETING_VERSION = 1.0;
				PRODUCT_BUNDLE_IDENTIFIER = test.Friends;
				PRODUCT_NAME = "$(TARGET_NAME)";
				SWIFT_EMIT_LOC_STRINGS = YES;
				SWIFT_VERSION = 5.0;
				TARGETED_DEVICE_FAMILY = "1,2";
			};
			name = Debug;
		};
		A7A7DE9A2B00EDB600296D76 /* Release */ = {
			isa = XCBuildConfiguration;
			buildSettings = {
				ASSETCATALOG_COMPILER_APPICON_NAME = AppIcon;
				ASSETCATALOG_COMPILER_GLOBAL_ACCENT_COLOR_NAME = AccentColor;
				CODE_SIGN_STYLE = Automatic;
				CURRENT_PROJECT_VERSION = 1;
				DEVELOPMENT_ASSET_PATHS = "\"Friends/Preview Content\"";
				DEVELOPMENT_TEAM = Z93ST34R7C;
				ENABLE_PREVIEWS = YES;
				GENERATE_INFOPLIST_FILE = YES;
				INFOPLIST_KEY_UIApplicationSceneManifest_Generation = YES;
				INFOPLIST_KEY_UIApplicationSupportsIndirectInputEvents = YES;
				INFOPLIST_KEY_UILaunchScreen_Generation = YES;
				INFOPLIST_KEY_UISupportedInterfaceOrientations_iPad = "UIInterfaceOrientationPortrait UIInterfaceOrientationPortraitUpsideDown UIInterfaceOrientationLandscapeLeft UIInterfaceOrientationLandscapeRight";
				INFOPLIST_KEY_UISupportedInterfaceOrientations_iPhone = "UIInterfaceOrientationPortrait UIInterfaceOrientationLandscapeLeft UIInterfaceOrientationLandscapeRight";
				LD_RUNPATH_SEARCH_PATHS = (
					"$(inherited)",
					"@executable_path/Frameworks",
				);
				MARKETING_VERSION = 1.0;
				PRODUCT_BUNDLE_IDENTIFIER = test.Friends;
				PRODUCT_NAME = "$(TARGET_NAME)";
				SWIFT_EMIT_LOC_STRINGS = YES;
				SWIFT_VERSION = 5.0;
				TARGETED_DEVICE_FAMILY = "1,2";
			};
			name = Release;
		};
/* End XCBuildConfiguration section */

/* Begin XCConfigurationList section */
		A7A7DE852B00EDB500296D76 /* Build configuration list for PBXProject "Friends" */ = {
			isa = XCConfigurationList;
			buildConfigurations = (
				A7A7DE962B00EDB600296D76 /* Debug */,
				A7A7DE972B00EDB600296D76 /* Release */,
			);
			defaultConfigurationIsVisible = 0;
			defaultConfigurationName = Release;
		};
		A7A7DE982B00EDB600296D76 /* Build configuration list for PBXNativeTarget "Friends" */ = {
			isa = XCConfigurationList;
			buildConfigurations = (
				A7A7DE992B00EDB600296D76 /* Debug */,
				A7A7DE9A2B00EDB600296D76 /* Release */,
			);
			defaultConfigurationIsVisible = 0;
			defaultConfigurationName = Release;
		};
/* End XCConfigurationList section */

/* Begin XCVersionGroup section */
		A7DA59CD2B0CA0FB00B11379 /* UsersData.xcdatamodeld */ = {
			isa = XCVersionGroup;
			children = (
				A7DA59CE2B0CA0FB00B11379 /* UsersData.xcdatamodel */,
			);
			currentVersion = A7DA59CE2B0CA0FB00B11379 /* UsersData.xcdatamodel */;
			path = UsersData.xcdatamodeld;
			sourceTree = "<group>";
			versionGroupType = wrapper.xcdatamodel;
		};
/* End XCVersionGroup section */
	};
	rootObject = A7A7DE822B00EDB500296D76 /* Project object */;
}
